{
  "name": "superdoc-sdk-example",
  "version": "1.0.0",
  "lockfileVersion": 3,
  "requires": true,
  "packages": {
    "": {
      "name": "superdoc-sdk-example",
      "version": "1.0.0",
      "dependencies": {
        "@superdoc-dev/sdk": "file:../node",
        "superdoc": "file:../../packages/superdoc"
      }
    },
    "../../packages/superdoc": {
      "version": "1.0.0-beta.17",
      "license": "AGPL-3.0",
      "dependencies": {
        "buffer-crc32": "^1.0.0",
        "eventemitter3": "^5.0.1",
        "jsdom": "^25.0.1",
        "naive-ui": "^2.43.1",
        "pinia": "^2.1.7",
        "rollup-plugin-copy": "^3.5.0",
        "uuid": "^9.0.1",
        "vue": "^3.5.20",
        "y-websocket": "^3.0.0"
      },
      "devDependencies": {
        "@hocuspocus/provider": "^2.13.6",
        "@vitejs/plugin-vue": "^5.2.1",
        "@vue/test-utils": "^2.4.6",
        "nodemon": "^3.1.10",
        "pdfjs-dist": "4.3.136",
        "postcss-nested": "^6.0.1",
        "postcss-prefixwrap": "^1.56.2",
        "rollup-plugin-visualizer": "^5.12.0",
        "typescript": "^5.7.3",
        "vite": "^6.3.5",
        "vite-plugin-node-polyfills": "^0.24.0",
        "vitest": "^3.2.4"
      },
      "peerDependencies": {
        "@hocuspocus/provider": "^2.13.6",
        "pdfjs-dist": ">=4.3.136 <=4.6.82",
        "y-prosemirror": "^1.3.7",
        "yjs": "13.6.19"
      }
    },
    "../../packages/superdoc/node_modules/pdfjs-dist": {
      "version": "4.3.136",
      "dev": true,
      "license": "Apache-2.0",
      "engines": {
        "node": ">=18"
      },
      "optionalDependencies": {
        "canvas": "^2.11.2",
        "path2d": "^0.2.0"
      }
    },
    "../node": {
      "name": "@superdoc-dev/sdk",
      "version": "0.1.0",
      "hasInstallScript": true,
      "license": "AGPL-3.0",
      "dependencies": {
        "@superdoc/runtime": "file:../runtime",
        "playwright-core": "^1.48.0"
      },
      "devDependencies": {
        "@types/node": "^22.0.0",
        "typescript": "^5.7.3"
      }
    },
    "../node/node_modules/@superdoc/runtime": {
      "resolved": "../runtime",
      "link": true
    },
    "../node/node_modules/@types/node": {
      "version": "22.19.1",
      "dev": true,
      "license": "MIT",
      "dependencies": {
        "undici-types": "~6.21.0"
      }
    },
    "../node/node_modules/playwright-core": {
      "version": "1.57.0",
      "license": "Apache-2.0",
      "bin": {
        "playwright-core": "cli.js"
      },
      "engines": {
        "node": ">=18"
      }
    },
    "../node/node_modules/typescript": {
      "version": "5.9.3",
      "dev": true,
      "license": "Apache-2.0",
      "bin": {
        "tsc": "bin/tsc",
        "tsserver": "bin/tsserver"
      },
      "engines": {
        "node": ">=14.17"
      }
    },
    "../node/node_modules/undici-types": {
      "version": "6.21.0",
      "dev": true,
      "license": "MIT"
    },
    "../runtime": {
      "name": "@superdoc/runtime",
      "version": "0.1.0",
      "dependencies": {
        "@harbour-enterprises/super-editor": "*",
        "playwright-core": "^1.48.0"
      },
      "devDependencies": {
        "@types/node": "^22.0.0",
        "typescript": "^5.7.3"
      }
    },
    "../runtime/node_modules/@babel/helper-string-parser": {
      "version": "7.27.1",
      "license": "MIT",
      "engines": {
        "node": ">=6.9.0"
      }
    },
    "../runtime/node_modules/@babel/helper-validator-identifier": {
      "version": "7.28.5",
      "license": "MIT",
      "engines": {
        "node": ">=6.9.0"
      }
    },
    "../runtime/node_modules/@babel/parser": {
      "version": "7.28.5",
      "license": "MIT",
      "dependencies": {
        "@babel/types": "^7.28.5"
      },
      "bin": {
        "parser": "bin/babel-parser.js"
      },
      "engines": {
        "node": ">=6.0.0"
      }
    },
    "../runtime/node_modules/@babel/types": {
      "version": "7.28.5",
      "license": "MIT",
      "dependencies": {
        "@babel/helper-string-parser": "^7.27.1",
        "@babel/helper-validator-identifier": "^7.28.5"
      },
      "engines": {
        "node": ">=6.9.0"
      }
    },
    "../runtime/node_modules/@fortawesome/fontawesome-common-types": {
      "version": "7.1.0",
      "license": "MIT",
      "peer": true,
      "engines": {
        "node": ">=6"
      }
    },
    "../runtime/node_modules/@fortawesome/fontawesome-free": {
      "version": "6.7.2",
      "license": "(CC-BY-4.0 AND OFL-1.1 AND MIT)",
      "engines": {
        "node": ">=6"
      }
    },
    "../runtime/node_modules/@fortawesome/fontawesome-svg-core": {
      "version": "7.1.0",
      "license": "MIT",
      "peer": true,
      "dependencies": {
        "@fortawesome/fontawesome-common-types": "7.1.0"
      },
      "engines": {
        "node": ">=6"
      }
    },
    "../runtime/node_modules/@fortawesome/free-solid-svg-icons": {
      "version": "6.7.2",
      "license": "(CC-BY-4.0 AND MIT)",
      "dependencies": {
        "@fortawesome/fontawesome-common-types": "6.7.2"
      },
      "engines": {
        "node": ">=6"
      }
    },
    "../runtime/node_modules/@fortawesome/free-solid-svg-icons/node_modules/@fortawesome/fontawesome-common-types": {
      "version": "6.7.2",
      "license": "MIT",
      "engines": {
        "node": ">=6"
      }
    },
    "../runtime/node_modules/@fortawesome/vue-fontawesome": {
      "version": "3.1.2",
      "license": "MIT",
      "peerDependencies": {
        "@fortawesome/fontawesome-svg-core": "~1 || ~6 || ~7",
        "vue": ">= 3.0.0 < 4"
      }
    },
    "../runtime/node_modules/@harbour-enterprises/super-editor": {
      "version": "0.0.1-alpha.0",
      "dependencies": {
        "@fortawesome/fontawesome-free": "^6.5.2",
        "@fortawesome/free-solid-svg-icons": "^6.5.2",
        "@fortawesome/vue-fontawesome": "^3.0.8",
        "color2k": "^2.0.3",
        "jszip": "^3.10.1",
        "prosemirror-commands": "^1.5.2",
        "prosemirror-dropcursor": "^1.8.1",
        "prosemirror-history": "^1.4.0",
        "prosemirror-keymap": "^1.2.2",
        "prosemirror-model": "^1.21.0",
        "prosemirror-schema-basic": "^1.2.2",
        "prosemirror-schema-list": "^1.3.0",
        "prosemirror-state": "^1.4.3",
        "prosemirror-tables": "^1.4.0",
        "prosemirror-transform": "^1.9.0",
        "prosemirror-view": "^1.33.8",
        "tippy.js": "^6.3.7",
        "uuidv4": "^6.2.13",
        "vue": "^3.4.21",
        "xml-js": "^1.6.11"
      }
    },
    "../runtime/node_modules/@jridgewell/sourcemap-codec": {
      "version": "1.5.5",
      "license": "MIT"
    },
    "../runtime/node_modules/@popperjs/core": {
      "version": "2.11.8",
      "license": "MIT",
      "funding": {
        "type": "opencollective",
        "url": "https://opencollective.com/popperjs"
      }
    },
    "../runtime/node_modules/@types/node": {
      "version": "22.19.1",
      "dev": true,
      "license": "MIT",
      "dependencies": {
        "undici-types": "~6.21.0"
      }
    },
    "../runtime/node_modules/@types/uuid": {
      "version": "8.3.4",
      "license": "MIT"
    },
    "../runtime/node_modules/@vue/compiler-core": {
      "version": "3.5.25",
      "license": "MIT",
      "dependencies": {
        "@babel/parser": "^7.28.5",
        "@vue/shared": "3.5.25",
        "entities": "^4.5.0",
        "estree-walker": "^2.0.2",
        "source-map-js": "^1.2.1"
      }
    },
    "../runtime/node_modules/@vue/compiler-dom": {
      "version": "3.5.25",
      "license": "MIT",
      "dependencies": {
        "@vue/compiler-core": "3.5.25",
        "@vue/shared": "3.5.25"
      }
    },
    "../runtime/node_modules/@vue/compiler-sfc": {
      "version": "3.5.25",
      "license": "MIT",
      "dependencies": {
        "@babel/parser": "^7.28.5",
        "@vue/compiler-core": "3.5.25",
        "@vue/compiler-dom": "3.5.25",
        "@vue/compiler-ssr": "3.5.25",
        "@vue/shared": "3.5.25",
        "estree-walker": "^2.0.2",
        "magic-string": "^0.30.21",
        "postcss": "^8.5.6",
        "source-map-js": "^1.2.1"
      }
    },
    "../runtime/node_modules/@vue/compiler-ssr": {
      "version": "3.5.25",
      "license": "MIT",
      "dependencies": {
        "@vue/compiler-dom": "3.5.25",
        "@vue/shared": "3.5.25"
      }
    },
    "../runtime/node_modules/@vue/reactivity": {
      "version": "3.5.25",
      "license": "MIT",
      "dependencies": {
        "@vue/shared": "3.5.25"
      }
    },
    "../runtime/node_modules/@vue/runtime-core": {
      "version": "3.5.25",
      "license": "MIT",
      "dependencies": {
        "@vue/reactivity": "3.5.25",
        "@vue/shared": "3.5.25"
      }
    },
    "../runtime/node_modules/@vue/runtime-dom": {
      "version": "3.5.25",
      "license": "MIT",
      "dependencies": {
        "@vue/reactivity": "3.5.25",
        "@vue/runtime-core": "3.5.25",
        "@vue/shared": "3.5.25",
        "csstype": "^3.1.3"
      }
    },
    "../runtime/node_modules/@vue/server-renderer": {
      "version": "3.5.25",
      "license": "MIT",
      "dependencies": {
        "@vue/compiler-ssr": "3.5.25",
        "@vue/shared": "3.5.25"
      },
      "peerDependencies": {
        "vue": "3.5.25"
      }
    },
    "../runtime/node_modules/@vue/shared": {
      "version": "3.5.25",
      "license": "MIT"
    },
    "../runtime/node_modules/color2k": {
      "version": "2.0.3",
      "license": "MIT"
    },
    "../runtime/node_modules/core-util-is": {
      "version": "1.0.3",
      "license": "MIT"
    },
    "../runtime/node_modules/csstype": {
      "version": "3.2.3",
      "license": "MIT"
    },
    "../runtime/node_modules/entities": {
      "version": "4.5.0",
      "license": "BSD-2-Clause",
      "engines": {
        "node": ">=0.12"
      },
      "funding": {
        "url": "https://github.com/fb55/entities?sponsor=1"
      }
    },
    "../runtime/node_modules/estree-walker": {
      "version": "2.0.2",
      "license": "MIT"
    },
    "../runtime/node_modules/immediate": {
      "version": "3.0.6",
      "license": "MIT"
    },
    "../runtime/node_modules/inherits": {
      "version": "2.0.4",
      "license": "ISC"
    },
    "../runtime/node_modules/isarray": {
      "version": "1.0.0",
      "license": "MIT"
    },
    "../runtime/node_modules/jszip": {
      "version": "3.10.1",
      "license": "(MIT OR GPL-3.0-or-later)",
      "dependencies": {
        "lie": "~3.3.0",
        "pako": "~1.0.2",
        "readable-stream": "~2.3.6",
        "setimmediate": "^1.0.5"
      }
    },
    "../runtime/node_modules/lie": {
      "version": "3.3.0",
      "license": "MIT",
      "dependencies": {
        "immediate": "~3.0.5"
      }
    },
    "../runtime/node_modules/magic-string": {
      "version": "0.30.21",
      "license": "MIT",
      "dependencies": {
        "@jridgewell/sourcemap-codec": "^1.5.5"
      }
    },
    "../runtime/node_modules/nanoid": {
      "version": "3.3.11",
      "funding": [
        {
          "type": "github",
          "url": "https://github.com/sponsors/ai"
        }
      ],
      "license": "MIT",
      "bin": {
        "nanoid": "bin/nanoid.cjs"
      },
      "engines": {
        "node": "^10 || ^12 || ^13.7 || ^14 || >=15.0.1"
      }
    },
    "../runtime/node_modules/orderedmap": {
      "version": "2.1.1",
      "license": "MIT"
    },
    "../runtime/node_modules/pako": {
      "version": "1.0.11",
      "license": "(MIT AND Zlib)"
    },
    "../runtime/node_modules/picocolors": {
      "version": "1.1.1",
      "license": "ISC"
    },
    "../runtime/node_modules/playwright-core": {
      "version": "1.57.0",
      "license": "Apache-2.0",
      "bin": {
        "playwright-core": "cli.js"
      },
      "engines": {
        "node": ">=18"
      }
    },
    "../runtime/node_modules/postcss": {
      "version": "8.5.6",
      "funding": [
        {
          "type": "opencollective",
          "url": "https://opencollective.com/postcss/"
        },
        {
          "type": "tidelift",
          "url": "https://tidelift.com/funding/github/npm/postcss"
        },
        {
          "type": "github",
          "url": "https://github.com/sponsors/ai"
        }
      ],
      "license": "MIT",
      "dependencies": {
        "nanoid": "^3.3.11",
        "picocolors": "^1.1.1",
        "source-map-js": "^1.2.1"
      },
      "engines": {
        "node": "^10 || ^12 || >=14"
      }
    },
    "../runtime/node_modules/process-nextick-args": {
      "version": "2.0.1",
      "license": "MIT"
    },
    "../runtime/node_modules/prosemirror-commands": {
      "version": "1.7.1",
      "license": "MIT",
      "dependencies": {
        "prosemirror-model": "^1.0.0",
        "prosemirror-state": "^1.0.0",
        "prosemirror-transform": "^1.10.2"
      }
    },
    "../runtime/node_modules/prosemirror-dropcursor": {
      "version": "1.8.2",
      "license": "MIT",
      "dependencies": {
        "prosemirror-state": "^1.0.0",
        "prosemirror-transform": "^1.1.0",
        "prosemirror-view": "^1.1.0"
      }
    },
    "../runtime/node_modules/prosemirror-history": {
      "version": "1.5.0",
      "license": "MIT",
      "dependencies": {
        "prosemirror-state": "^1.2.2",
        "prosemirror-transform": "^1.0.0",
        "prosemirror-view": "^1.31.0",
        "rope-sequence": "^1.3.0"
      }
    },
    "../runtime/node_modules/prosemirror-keymap": {
      "version": "1.2.3",
      "license": "MIT",
      "dependencies": {
        "prosemirror-state": "^1.0.0",
        "w3c-keyname": "^2.2.0"
      }
    },
    "../runtime/node_modules/prosemirror-model": {
      "version": "1.25.4",
      "license": "MIT",
      "dependencies": {
        "orderedmap": "^2.0.0"
      }
    },
    "../runtime/node_modules/prosemirror-schema-basic": {
      "version": "1.2.4",
      "license": "MIT",
      "dependencies": {
        "prosemirror-model": "^1.25.0"
      }
    },
    "../runtime/node_modules/prosemirror-schema-list": {
      "version": "1.5.1",
      "license": "MIT",
      "dependencies": {
        "prosemirror-model": "^1.0.0",
        "prosemirror-state": "^1.0.0",
        "prosemirror-transform": "^1.7.3"
      }
    },
    "../runtime/node_modules/prosemirror-state": {
      "version": "1.4.4",
      "license": "MIT",
      "dependencies": {
        "prosemirror-model": "^1.0.0",
        "prosemirror-transform": "^1.0.0",
        "prosemirror-view": "^1.27.0"
      }
    },
    "../runtime/node_modules/prosemirror-tables": {
      "version": "1.8.3",
      "license": "MIT",
      "dependencies": {
        "prosemirror-keymap": "^1.2.3",
        "prosemirror-model": "^1.25.4",
        "prosemirror-state": "^1.4.4",
        "prosemirror-transform": "^1.10.5",
        "prosemirror-view": "^1.41.4"
      }
    },
    "../runtime/node_modules/prosemirror-transform": {
      "version": "1.10.5",
      "license": "MIT",
      "dependencies": {
        "prosemirror-model": "^1.21.0"
      }
    },
    "../runtime/node_modules/prosemirror-view": {
      "version": "1.41.4",
      "license": "MIT",
      "dependencies": {
        "prosemirror-model": "^1.20.0",
        "prosemirror-state": "^1.0.0",
        "prosemirror-transform": "^1.1.0"
      }
    },
    "../runtime/node_modules/readable-stream": {
      "version": "2.3.8",
      "license": "MIT",
      "dependencies": {
        "core-util-is": "~1.0.0",
        "inherits": "~2.0.3",
        "isarray": "~1.0.0",
        "process-nextick-args": "~2.0.0",
        "safe-buffer": "~5.1.1",
        "string_decoder": "~1.1.1",
        "util-deprecate": "~1.0.1"
      }
    },
    "../runtime/node_modules/rope-sequence": {
      "version": "1.3.4",
      "license": "MIT"
    },
    "../runtime/node_modules/safe-buffer": {
      "version": "5.1.2",
      "license": "MIT"
    },
    "../runtime/node_modules/sax": {
      "version": "1.4.3",
      "license": "BlueOak-1.0.0"
    },
    "../runtime/node_modules/setimmediate": {
      "version": "1.0.5",
      "license": "MIT"
    },
    "../runtime/node_modules/source-map-js": {
      "version": "1.2.1",
      "license": "BSD-3-Clause",
      "engines": {
        "node": ">=0.10.0"
      }
    },
    "../runtime/node_modules/string_decoder": {
      "version": "1.1.1",
      "license": "MIT",
      "dependencies": {
        "safe-buffer": "~5.1.0"
      }
    },
    "../runtime/node_modules/tippy.js": {
      "version": "6.3.7",
      "license": "MIT",
      "dependencies": {
        "@popperjs/core": "^2.9.0"
      }
    },
    "../runtime/node_modules/typescript": {
      "version": "5.9.3",
      "devOptional": true,
      "license": "Apache-2.0",
      "bin": {
        "tsc": "bin/tsc",
        "tsserver": "bin/tsserver"
      },
      "engines": {
        "node": ">=14.17"
      }
    },
    "../runtime/node_modules/undici-types": {
      "version": "6.21.0",
      "dev": true,
      "license": "MIT"
    },
    "../runtime/node_modules/util-deprecate": {
      "version": "1.0.2",
      "license": "MIT"
    },
    "../runtime/node_modules/uuid": {
      "version": "8.3.2",
      "license": "MIT",
      "bin": {
        "uuid": "dist/bin/uuid"
      }
    },
    "../runtime/node_modules/uuidv4": {
      "version": "6.2.13",
      "license": "MIT",
      "dependencies": {
        "@types/uuid": "8.3.4",
        "uuid": "8.3.2"
      }
    },
    "../runtime/node_modules/vue": {
      "version": "3.5.25",
      "license": "MIT",
      "dependencies": {
        "@vue/compiler-dom": "3.5.25",
        "@vue/compiler-sfc": "3.5.25",
        "@vue/runtime-dom": "3.5.25",
        "@vue/server-renderer": "3.5.25",
        "@vue/shared": "3.5.25"
      },
      "peerDependencies": {
        "typescript": "*"
      },
      "peerDependenciesMeta": {
        "typescript": {
          "optional": true
        }
      }
    },
    "../runtime/node_modules/w3c-keyname": {
      "version": "2.2.8",
      "license": "MIT"
    },
    "../runtime/node_modules/xml-js": {
      "version": "1.6.11",
      "license": "MIT",
      "dependencies": {
        "sax": "^1.2.4"
      },
      "bin": {
        "xml-js": "bin/cli.js"
      }
    },
    "node_modules/@superdoc-dev/sdk": {
      "resolved": "../node",
      "link": true
    },
    "node_modules/superdoc": {
      "resolved": "../../packages/superdoc",
      "link": true
    }
  }
}
